
Microsoft Visual Studio Solution File, Format Version 12.00
# Visual Studio Version 16
VisualStudioVersion = 16.0.29209.152
MinimumVisualStudioVersion = 10.0.40219.1
Project("{9A19103F-16F7-4668-BE54-9A1E7A4F7556}") = "BlazorSyncFusionServerSide", "BlazorSyncFusionServerSide.csproj", "{1B589845-1FD5-42A4-A141-9E2C88441AC5}"
EndProject
Global
	GlobalSection(SolutionConfigurationPlatforms) = preSolution
		Debug|Any CPU = Debug|Any CPU
		Release|Any CPU = Release|Any CPU
	EndGlobalSection
	GlobalSection(ProjectConfigurationPlatforms) = postSolution
		{1B589845-1FD5-42A4-A141-9E2C88441AC5}.Debug|Any CPU.ActiveCfg = Debug|Any CPU
		{1B589845-1FD5-42A4-A141-9E2C88441AC5}.Debug|Any CPU.Build.0 = Debug|Any CPU
		{1B589845-1FD5-42A4-A141-9E2C88441AC5}.Release|Any CPU.ActiveCfg = Release|Any CPU
		{1B589845-1FD5-42A4-A141-9E2C88441AC5}.Release|Any CPU.Build.0 = Release|Any CPU
	EndGlobalSection
	GlobalSection(SolutionProperties) = preSolution
		HideSolutionNode = FALSE
	EndGlobalSection
	GlobalSection(ExtensibilityGlobals) = postSolution
		SolutionGuid = {FF21ABCC-8A96-468D-96C5-E95D54548491}
	EndGlobalSection
EndGlobal
